{
  "originHash" : "1e6e338bf92d49464d1f0bf8c06fd309426ba60f6fde8194ebb6768b64c3cf63",
  "pins" : [
    {
      "identity" : "bitbytedata",
      "kind" : "remoteSourceControl",
      "location" : "https://github.com/tsolomko/BitByteData",
      "state" : {
        "revision" : "cdcdc5177ad536cfb11b95c620f926a81014b7fe",
        "version" : "2.0.4"
      }
    },
    {
      "identity" : "factory",
      "kind" : "remoteSourceControl",
      "location" : "https://github.com/hmlongco/Factory",
      "state" : {
        "revision" : "09bae642ac588ca0448260f161b5c8b31fa24395",
        "version" : "3.0.1"
      }
    },
    {
      "identity" : "kanna",
      "kind" : "remoteSourceControl",
      "location" : "https://github.com/tid-kijyun/Kanna",
      "state" : {
        "revision" : "3c73af6d3859d9240db60aef233941a715387744",
        "version" : "6.1.0"
      }
    },
    {
      "identity" : "nuke",
      "kind" : "remoteSourceControl",
      "location" : "https://github.com/kean/Nuke",
      "state" : {
        "revision" : "83e19143355b02e9261edb2323b3e1e93287ebb9",
        "version" : "12.9.0"
      }
    },
    {
      "identity" : "swcompression",
      "kind" : "remoteSourceControl",
      "location" : "https://github.com/tsolomko/SWCompression",
      "state" : {
        "revision" : "390e0b0af8dd19a600005a242a89e570ff482e09",
        "version" : "4.8.6"
      }
    },
    {
      "identity" : "swift-custom-dump",
      "kind" : "remoteSourceControl",
      "location" : "https://github.com/pointfreeco/swift-custom-dump",
      "state" : {
        "revision" : "06c57924455064182d6b217f06ebc05d00cb2990",
        "version" : "1.5.0"
      }
    },
    {
      "identity" : "swift-snapshot-testing",
      "kind" : "remoteSourceControl",
      "location" : "https://github.com/pointfreeco/swift-snapshot-testing",
      "state" : {
        "revision" : "ad5e3190cc63dc288f28546f9c6827efc1e9d495",
        "version" : "1.19.2"
      }
    },
    {
      "identity" : "swift-syntax",
      "kind" : "remoteSourceControl",
      "location" : "https://github.com/swiftlang/swift-syntax",
      "state" : {
        "revision" : "2b59c0c741e9184ab057fd22950b491076d42e91",
        "version" : "603.0.0"
      }
    },
    {
      "identity" : "xctest-dynamic-overlay",
      "kind" : "remoteSourceControl",
      "location" : "https://github.com/pointfreeco/xctest-dynamic-overlay",
      "state" : {
        "revision" : "dfd70507def84cb5fb821278448a262c6ff2bbad",
        "version" : "1.9.0"
      }
    }
  ],
  "version" : 3
}
